
Microsoft Visual Studio Solution File, Format Version 12.00
# Visual Studio Version 17
VisualStudioVersion = 17.14.36301.6
MinimumVisualStudioVersion = 10.0.40219.1
Project("{FAE04EC0-301F-11D3-BF4B-00C04F79EFBC}") = "TrainBookingApp", "TrainBookingApp\TrainBookingApp.csproj", "{C62D8D59-EA62-494A-B22D-AF909F70CD24}"
EndProject
Project("{FAE04EC0-301F-11D3-BF4B-00C04F79EFBC}") = "TrainManagementWPF.Tests", "TrainManagementWPF.Tests\TrainManagementWPF.Tests.csproj", "{A268D09D-2F09-46DA-8F11-5CC011F7F267}"
EndProject
Global
	GlobalSection(SolutionConfigurationPlatforms) = preSolution
		Debug|Any CPU = Debug|Any CPU
		Debug|x64 = Debug|x64
		Debug|x86 = Debug|x86
		Release|Any CPU = Release|Any CPU
		Release|x64 = Release|x64
		Release|x86 = Release|x86
	EndGlobalSection
	GlobalSection(ProjectConfigurationPlatforms) = postSolution
		{C62D8D59-EA62-494A-B22D-AF909F70CD24}.Debug|Any CPU.ActiveCfg = Debug|Any CPU
		{C62D8D59-EA62-494A-B22D-AF909F70CD24}.Debug|Any CPU.Build.0 = Debug|Any CPU
		{C62D8D59-EA62-494A-B22D-AF909F70CD24}.Debug|x64.ActiveCfg = Debug|Any CPU
		{C62D8D59-EA62-494A-B22D-AF909F70CD24}.Debug|x64.Build.0 = Debug|Any CPU
		{C62D8D59-EA62-494A-B22D-AF909F70CD24}.Debug|x86.ActiveCfg = Debug|Any CPU
		{C62D8D59-EA62-494A-B22D-AF909F70CD24}.Debug|x86.Build.0 = Debug|Any CPU
		{C62D8D59-EA62-494A-B22D-AF909F70CD24}.Release|Any CPU.ActiveCfg = Release|Any CPU
		{C62D8D59-EA62-494A-B22D-AF909F70CD24}.Release|Any CPU.Build.0 = Release|Any CPU
		{C62D8D59-EA62-494A-B22D-AF909F70CD24}.Release|x64.ActiveCfg = Release|Any CPU
		{C62D8D59-EA62-494A-B22D-AF909F70CD24}.Release|x64.Build.0 = Release|Any CPU
		{C62D8D59-EA62-494A-B22D-AF909F70CD24}.Release|x86.ActiveCfg = Release|Any CPU
		{C62D8D59-EA62-494A-B22D-AF909F70CD24}.Release|x86.Build.0 = Release|Any CPU
		{A268D09D-2F09-46DA-8F11-5CC011F7F267}.Debug|Any CPU.ActiveCfg = Debug|Any CPU
		{A268D09D-2F09-46DA-8F11-5CC011F7F267}.Debug|Any CPU.Build.0 = Debug|Any CPU
		{A268D09D-2F09-46DA-8F11-5CC011F7F267}.Debug|x64.ActiveCfg = Debug|Any CPU
		{A268D09D-2F09-46DA-8F11-5CC011F7F267}.Debug|x64.Build.0 = Debug|Any CPU
		{A268D09D-2F09-46DA-8F11-5CC011F7F267}.Debug|x86.ActiveCfg = Debug|Any CPU
		{A268D09D-2F09-46DA-8F11-5CC011F7F267}.Debug|x86.Build.0 = Debug|Any CPU
		{A268D09D-2F09-46DA-8F11-5CC011F7F267}.Release|Any CPU.ActiveCfg = Release|Any CPU
		{A268D09D-2F09-46DA-8F11-5CC011F7F267}.Release|Any CPU.Build.0 = Release|Any CPU
		{A268D09D-2F09-46DA-8F11-5CC011F7F267}.Release|x64.ActiveCfg = Release|Any CPU
		{A268D09D-2F09-46DA-8F11-5CC011F7F267}.Release|x64.Build.0 = Release|Any CPU
		{A268D09D-2F09-46DA-8F11-5CC011F7F267}.Release|x86.ActiveCfg = Release|Any CPU
		{A268D09D-2F09-46DA-8F11-5CC011F7F267}.Release|x86.Build.0 = Release|Any CPU
	EndGlobalSection
	GlobalSection(SolutionProperties) = preSolution
		HideSolutionNode = FALSE
	EndGlobalSection
	GlobalSection(ExtensibilityGlobals) = postSolution
		SolutionGuid = {1795A408-2D08-4108-B3A6-4956409A484D}
	EndGlobalSection
EndGlobal
